// !$*UTF8*$!
{
	archiveVersion = 1;
	classes = {
	};
	objectVersion = 50;
	objects = {

/* Begin PBXBuildFile section */
		18575FA82492DD86001D8B57 /* AppDelegate.swift in Sources */ = {isa = PBXBuildFile; fileRef = 18575FA72492DD86001D8B57 /* AppDelegate.swift */; };
		18575FAA2492DD86001D8B57 /* SceneDelegate.swift in Sources */ = {isa = PBXBuildFile; fileRef = 18575FA92492DD86001D8B57 /* SceneDelegate.swift */; };
		18575FAC2492DD86001D8B57 /* ContentView.swift in Sources */ = {isa = PBXBuildFile; fileRef = 18575FAB2492DD86001D8B57 /* ContentView.swift */; };
		18575FAE2492DD87001D8B57 /* Assets.xcassets in Resources */ = {isa = PBXBuildFile; fileRef = 18575FAD2492DD87001D8B57 /* Assets.xcassets */; };
		18575FB12492DD87001D8B57 /* Preview Assets.xcassets in Resources */ = {isa = PBXBuildFile; fileRef = 18575FB02492DD87001D8B57 /* Preview Assets.xcassets */; };
		18575FB42492DD87001D8B57 /* LaunchScreen.storyboard in Resources */ = {isa = PBXBuildFile; fileRef = 18575FB22492DD87001D8B57 /* LaunchScreen.storyboard */; };
		18575FBF2492DD87001D8B57 /* FirstAppTests.swift in Sources */ = {isa = PBXBuildFile; fileRef = 18575FBE2492DD87001D8B57 /* FirstAppTests.swift */; };
		18575FCA2492DD87001D8B57 /* FirstAppUITests.swift in Sources */ = {isa = PBXBuildFile; fileRef = 18575FC92492DD87001D8B57 /* FirstAppUITests.swift */; };
		3BA7B801BF8DFFB3EE8851A8 /* libPods-FirstApp.a in Frameworks */ = {isa = PBXBuildFile; fileRef = 540AA8A5EDBA831A9A0DE740 /* libPods-FirstApp.a */; };
/* End PBXBuildFile section */

/* Begin PBXContainerItemProxy section */
		18575FBB2492DD87001D8B57 /* PBXContainerItemProxy */ = {
			isa = PBXContainerItemProxy;
			containerPortal = 18575F9C2492DD86001D8B57 /* Project object */;
			proxyType = 1;
			remoteGlobalIDString = 18575FA32492DD86001D8B57;
			remoteInfo = FirstApp;
		};
		18575FC62492DD87001D8B57 /* PBXContainerItemProxy */ = {
			isa = PBXContainerItemProxy;
			containerPortal = 18575F9C2492DD86001D8B57 /* Project object */;
			proxyType = 1;
			remoteGlobalIDString = 18575FA32492DD86001D8B57;
			remoteInfo = FirstApp;
		};
/* End PBXContainerItemProxy section */

/* Begin PBXFileReference section */
		18575FA42492DD86001D8B57 /* FirstApp.app */ = {isa = PBXFileReference; explicitFileType = wrapper.application; includeInIndex = 0; path = FirstApp.app; sourceTree = BUILT_PRODUCTS_DIR; };
		18575FA72492DD86001D8B57 /* AppDelegate.swift */ = {isa = PBXFileReference; lastKnownFileType = sourcecode.swift; path = AppDelegate.swift; sourceTree = "<group>"; };
		18575FA92492DD86001D8B57 /* SceneDelegate.swift */ = {isa = PBXFileReference; lastKnownFileType = sourcecode.swift; path = SceneDelegate.swift; sourceTree = "<group>"; };
		18575FAB2492DD86001D8B57 /* ContentView.swift */ = {isa = PBXFileReference; lastKnownFileType = sourcecode.swift; path = ContentView.swift; sourceTree = "<group>"; };
		18575FAD2492DD87001D8B57 /* Assets.xcassets */ = {isa = PBXFileReference; lastKnownFileType = folder.assetcatalog; path = Assets.xcassets; sourceTree = "<group>"; };
		18575FB02492DD87001D8B57 /* Preview Assets.xcassets */ = {isa = PBXFileReference; lastKnownFileType = folder.assetcatalog; path = "Preview Assets.xcassets"; sourceTree = "<group>"; };
		18575FB32492DD87001D8B57 /* Base */ = {isa = PBXFileReference; lastKnownFileType = file.storyboard; name = Base; path = Base.lproj/LaunchScreen.storyboard; sourceTree = "<group>"; };
		18575FB52492DD87001D8B57 /* Info.plist */ = {isa = PBXFileReference; lastKnownFileType = text.plist.xml; path = Info.plist; sourceTree = "<group>"; };
		18575FBA2492DD87001D8B57 /* FirstAppTests.xctest */ = {isa = PBXFileReference; explicitFileType = wrapper.cfbundle; includeInIndex = 0; path = FirstAppTests.xctest; sourceTree = BUILT_PRODUCTS_DIR; };
		18575FBE2492DD87001D8B57 /* FirstAppTests.swift */ = {isa = PBXFileReference; lastKnownFileType = sourcecode.swift; path = FirstAppTests.swift; sourceTree = "<group>"; };
		18575FC02492DD87001D8B57 /* Info.plist */ = {isa = PBXFileReference; lastKnownFileType = text.plist.xml; path = Info.plist; sourceTree = "<group>"; };
		18575FC52492DD87001D8B57 /* FirstAppUITests.xctest */ = {isa = PBXFileReference; explicitFileType = wrapper.cfbundle; includeInIndex = 0; path = FirstAppUITests.xctest; sourceTree = BUILT_PRODUCTS_DIR; };
		18575FC92492DD87001D8B57 /* FirstAppUITests.swift */ = {isa = PBXFileReference; lastKnownFileType = sourcecode.swift; path = FirstAppUITests.swift; sourceTree = "<group>"; };
		18575FCB2492DD87001D8B57 /* Info.plist */ = {isa = PBXFileReference; lastKnownFileType = text.plist.xml; path = Info.plist; sourceTree = "<group>"; };
		254E7B9DCBA034087F0C46E6 /* Pods-FirstApp.release.xcconfig */ = {isa = PBXFileReference; includeInIndex = 1; lastKnownFileType = text.xcconfig; name = "Pods-FirstApp.release.xcconfig"; path = "Target Support Files/Pods-FirstApp/Pods-FirstApp.release.xcconfig"; sourceTree = "<group>"; };
		540AA8A5EDBA831A9A0DE740 /* libPods-FirstApp.a */ = {isa = PBXFileReference; explicitFileType = archive.ar; includeInIndex = 0; path = "libPods-FirstApp.a"; sourceTree = BUILT_PRODUCTS_DIR; };
		C1B7F6A282724E0F4208F30D /* Pods-FirstApp.debug.xcconfig */ = {isa = PBXFileReference; includeInIndex = 1; lastKnownFileType = text.xcconfig; name = "Pods-FirstApp.debug.xcconfig"; path = "Target Support Files/Pods-FirstApp/Pods-FirstApp.debug.xcconfig"; sourceTree = "<group>"; };
/* End PBXFileReference section */

/* Begin PBXFrameworksBuildPhase section */
		18575FA12492DD86001D8B57 /* Frameworks */ = {
			isa = PBXFrameworksBuildPhase;
			buildActionMask = 2147483647;
			files = (
				3BA7B801BF8DFFB3EE8851A8 /* libPods-FirstApp.a in Frameworks */,
			);
			runOnlyForDeploymentPostprocessing = 0;
		};
		18575FB72492DD87001D8B57 /* Frameworks */ = {
			isa = PBXFrameworksBuildPhase;
			buildActionMask = 2147483647;
			files = (
			);
			runOnlyForDeploymentPostprocessing = 0;
		};
		18575FC22492DD87001D8B57 /* Frameworks */ = {
			isa = PBXFrameworksBuildPhase;
			buildActionMask = 2147483647;
			files = (
			);
			runOnlyForDeploymentPostprocessing = 0;
		};
/* End PBXFrameworksBuildPhase section */

/* Begin PBXGroup section */
		18575F9B2492DD86001D8B57 = {
			isa = PBXGroup;
			children = (
				18575FA62492DD86001D8B57 /* FirstApp */,
				18575FBD2492DD87001D8B57 /* FirstAppTests */,
				18575FC82492DD87001D8B57 /* FirstAppUITests */,
				18575FA52492DD86001D8B57 /* Products */,
				2C3C36B6147E1567D4FF2C03 /* Pods */,
				A9CBE7121A35A99E610FB4F0 /* Frameworks */,
			);
			sourceTree = "<group>";
		};
		18575FA52492DD86001D8B57 /* Products */ = {
			isa = PBXGroup;
			children = (
				18575FA42492DD86001D8B57 /* FirstApp.app */,
				18575FBA2492DD87001D8B57 /* FirstAppTests.xctest */,
				18575FC52492DD87001D8B57 /* FirstAppUITests.xctest */,
			);
			name = Products;
			sourceTree = "<group>";
		};
		18575FA62492DD86001D8B57 /* FirstApp */ = {
			isa = PBXGroup;
			children = (
				18575FA72492DD86001D8B57 /* AppDelegate.swift */,
				18575FA92492DD86001D8B57 /* SceneDelegate.swift */,
				18575FAB2492DD86001D8B57 /* ContentView.swift */,
				18575FAD2492DD87001D8B57 /* Assets.xcassets */,
				18575FB22492DD87001D8B57 /* LaunchScreen.storyboard */,
				18575FB52492DD87001D8B57 /* Info.plist */,
				18575FAF2492DD87001D8B57 /* Preview Content */,
			);
			path = FirstApp;
			sourceTree = "<group>";
		};
		18575FAF2492DD87001D8B57 /* Preview Content */ = {
			isa = PBXGroup;
			children = (
				18575FB02492DD87001D8B57 /* Preview Assets.xcassets */,
			);
			path = "Preview Content";
			sourceTree = "<group>";
		};
		18575FBD2492DD87001D8B57 /* FirstAppTests */ = {
			isa = PBXGroup;
			children = (
				18575FBE2492DD87001D8B57 /* FirstAppTests.swift */,
				18575FC02492DD87001D8B57 /* Info.plist */,
			);
			path = FirstAppTests;
			sourceTree = "<group>";
		};
		18575FC82492DD87001D8B57 /* FirstAppUITests */ = {
			isa = PBXGroup;
			children = (
				18575FC92492DD87001D8B57 /* FirstAppUITests.swift */,
				18575FCB2492DD87001D8B57 /* Info.plist */,
			);
			path = FirstAppUITests;
			sourceTree = "<group>";
		};
		2C3C36B6147E1567D4FF2C03 /* Pods */ = {
			isa = PBXGroup;
			children = (
				C1B7F6A282724E0F4208F30D /* Pods-FirstApp.debug.xcconfig */,
				254E7B9DCBA034087F0C46E6 /* Pods-FirstApp.release.xcconfig */,
			);
			path = Pods;
			sourceTree = "<group>";
		};
		A9CBE7121A35A99E610FB4F0 /* Frameworks */ = {
			isa = PBXGroup;
			children = (
				540AA8A5EDBA831A9A0DE740 /* libPods-FirstApp.a */,
			);
			name = Frameworks;
			sourceTree = "<group>";
		};
/* End PBXGroup section */

/* Begin PBXNativeTarget section */
		18575FA32492DD86001D8B57 /* FirstApp */ = {
			isa = PBXNativeTarget;
			buildConfigurationList = 18575FCE2492DD88001D8B57 /* Build configuration list for PBXNativeTarget "FirstApp" */;
			buildPhases = (
				52E536A2C59B5D8BC661F846 /* [CP] Check Pods Manifest.lock */,
				18575FA02492DD86001D8B57 /* Sources */,
				18575FA12492DD86001D8B57 /* Frameworks */,
				18575FA22492DD86001D8B57 /* Resources */,
			);
			buildRules = (
			);
			dependencies = (
			);
			name = FirstApp;
			productName = FirstApp;
			productReference = 18575FA42492DD86001D8B57 /* FirstApp.app */;
			productType = "com.apple.product-type.application";
		};
		18575FB92492DD87001D8B57 /* FirstAppTests */ = {
			isa = PBXNativeTarget;
			buildConfigurationList = 18575FD12492DD88001D8B57 /* Build configuration list for PBXNativeTarget "FirstAppTests" */;
			buildPhases = (
				18575FB62492DD87001D8B57 /* Sources */,
				18575FB72492DD87001D8B57 /* Frameworks */,
				18575FB82492DD87001D8B57 /* Resources */,
			);
			buildRules = (
			);
			dependencies = (
				18575FBC2492DD87001D8B57 /* PBXTargetDependency */,
			);
			name = FirstAppTests;
			productName = FirstAppTests;
			productReference = 18575FBA2492DD87001D8B57 /* FirstAppTests.xctest */;
			productType = "com.apple.product-type.bundle.unit-test";
		};
		18575FC42492DD87001D8B57 /* FirstAppUITests */ = {
			isa = PBXNativeTarget;
			buildConfigurationList = 18575FD42492DD88001D8B57 /* Build configuration list for PBXNativeTarget "FirstAppUITests" */;
			buildPhases = (
				18575FC12492DD87001D8B57 /* Sources */,
				18575FC22492DD87001D8B57 /* Frameworks */,
				18575FC32492DD87001D8B57 /* Resources */,
			);
			buildRules = (
			);
			dependencies = (
				18575FC72492DD87001D8B57 /* PBXTargetDependency */,
			);
			name = FirstAppUITests;
			productName = FirstAppUITests;
			productReference = 18575FC52492DD87001D8B57 /* FirstAppUITests.xctest */;
			productType = "com.apple.product-type.bundle.ui-testing";
		};
/* End PBXNativeTarget section */

/* Begin PBXProject section */
		18575F9C2492DD86001D8B57 /* Project object */ = {
			isa = PBXProject;
			attributes = {
				LastSwiftUpdateCheck = 1150;
				LastUpgradeCheck = 1150;
				ORGANIZATIONNAME = "James Thesken";
				TargetAttributes = {
					18575FA32492DD86001D8B57 = {
						CreatedOnToolsVersion = 11.5;
					};
					18575FB92492DD87001D8B57 = {
						CreatedOnToolsVersion = 11.5;
						TestTargetID = 18575FA32492DD86001D8B57;
					};
					18575FC42492DD87001D8B57 = {
						CreatedOnToolsVersion = 11.5;
						TestTargetID = 18575FA32492DD86001D8B57;
					};
				};
			};
			buildConfigurationList = 18575F9F2492DD86001D8B57 /* Build configuration list for PBXProject "FirstApp" */;
			compatibilityVersion = "Xcode 9.3";
			developmentRegion = en;
			hasScannedForEncodings = 0;
			knownRegions = (
				en,
				Base,
			);
			mainGroup = 18575F9B2492DD86001D8B57;
			productRefGroup = 18575FA52492DD86001D8B57 /* Products */;
			projectDirPath = "";
			projectRoot = "";
			targets = (
				18575FA32492DD86001D8B57 /* FirstApp */,
				18575FB92492DD87001D8B57 /* FirstAppTests */,
				18575FC42492DD87001D8B57 /* FirstAppUITests */,
			);
		};
/* End PBXProject section */

/* Begin PBXResourcesBuildPhase section */
		18575FA22492DD86001D8B57 /* Resources */ = {
			isa = PBXResourcesBuildPhase;
			buildActionMask = 2147483647;
			files = (
				18575FB42492DD87001D8B57 /* LaunchScreen.storyboard in Resources */,
				18575FB12492DD87001D8B57 /* Preview Assets.xcassets in Resources */,
				18575FAE2492DD87001D8B57 /* Assets.xcassets in Resources */,
			);
			runOnlyForDeploymentPostprocessing = 0;
		};
		18575FB82492DD87001D8B57 /* Resources */ = {
			isa = PBXResourcesBuildPhase;
			buildActionMask = 2147483647;
			files = (
			);
			runOnlyForDeploymentPostprocessing = 0;
		};
		18575FC32492DD87001D8B57 /* Resources */ = {
			isa = PBXResourcesBuildPhase;
			buildActionMask = 2147483647;
			files = (
			);
			runOnlyForDeploymentPostprocessing = 0;
		};
/* End PBXResourcesBuildPhase section */

/* Begin PBXShellScriptBuildPhase section */
		52E536A2C59B5D8BC661F846 /* [CP] Check Pods Manifest.lock */ = {
			isa = PBXShellScriptBuildPhase;
			buildActionMask = 2147483647;
			files = (
			);
			inputFileListPaths = (
			);
			inputPaths = (
				"${PODS_PODFILE_DIR_PATH}/Podfile.lock",
				"${PODS_ROOT}/Manifest.lock",
			);
			name = "[CP] Check Pods Manifest.lock";
			outputFileListPaths = (
			);
			outputPaths = (
				"$(DERIVED_FILE_DIR)/Pods-FirstApp-checkManifestLockResult.txt",
			);
			runOnlyForDeploymentPostprocessing = 0;
			shellPath = /bin/sh;
			shellScript = "diff \"${PODS_PODFILE_DIR_PATH}/Podfile.lock\" \"${PODS_ROOT}/Manifest.lock\" > /dev/null\nif [ $? != 0 ] ; then\n    # print error to STDERR\n    echo \"error: The sandbox is not in sync with the Podfile.lock. Run 'pod install' or update your CocoaPods installation.\" >&2\n    exit 1\nfi\n# This output is used by Xcode 'outputs' to avoid re-running this script phase.\necho \"SUCCESS\" > \"${SCRIPT_OUTPUT_FILE_0}\"\n";
			showEnvVarsInLog = 0;
		};
/* End PBXShellScriptBuildPhase section */

/* Begin PBXSourcesBuildPhase section */
		18575FA02492DD86001D8B57 /* Sources */ = {
			isa = PBXSourcesBuildPhase;
			buildActionMask = 2147483647;
			files = (
				18575FA82492DD86001D8B57 /* AppDelegate.swift in Sources */,
				18575FAA2492DD86001D8B57 /* SceneDelegate.swift in Sources */,
				18575FAC2492DD86001D8B57 /* ContentView.swift in Sources */,
			);
			runOnlyForDeploymentPostprocessing = 0;
		};
		18575FB62492DD87001D8B57 /* Sources */ = {
			isa = PBXSourcesBuildPhase;
			buildActionMask = 2147483647;
			files = (
				18575FBF2492DD87001D8B57 /* FirstAppTests.swift in Sources */,
			);
			runOnlyForDeploymentPostprocessing = 0;
		};
		18575FC12492DD87001D8B57 /* Sources */ = {
			isa = PBXSourcesBuildPhase;
			buildActionMask = 2147483647;
			files = (
				18575FCA2492DD87001D8B57 /* FirstAppUITests.swift in Sources */,
			);
			runOnlyForDeploymentPostprocessing = 0;
		};
/* End PBXSourcesBuildPhase section */

/* Begin PBXTargetDependency section */
		18575FBC2492DD87001D8B57 /* PBXTargetDependency */ = {
			isa = PBXTargetDependency;
			target = 18575FA32492DD86001D8B57 /* FirstApp */;
			targetProxy = 18575FBB2492DD87001D8B57 /* PBXContainerItemProxy */;
		};
		18575FC72492DD87001D8B57 /* PBXTargetDependency */ = {
			isa = PBXTargetDependency;
			target = 18575FA32492DD86001D8B57 /* FirstApp */;
			targetProxy = 18575FC62492DD87001D8B57 /* PBXContainerItemProxy */;
		};
/* End PBXTargetDependency section */

/* Begin PBXVariantGroup section */
		18575FB22492DD87001D8B57 /* LaunchScreen.storyboard */ = {
			isa = PBXVariantGroup;
			children = (
				18575FB32492DD87001D8B57 /* Base */,
			);
			name = LaunchScreen.storyboard;
			sourceTree = "<group>";
		};
/* End PBXVariantGroup section */

/* Begin XCBuildConfiguration section */
		18575FCC2492DD88001D8B57 /* Debug */ = {
			isa = XCBuildConfiguration;
			buildSettings = {
				ALWAYS_SEARCH_USER_PATHS = NO;
				CLANG_ANALYZER_NONNULL = YES;
				CLANG_ANALYZER_NUMBER_OBJECT_CONVERSION = YES_AGGRESSIVE;
				CLANG_CXX_LANGUAGE_STANDARD = "gnu++14";
				CLANG_CXX_LIBRARY = "libc++";
				CLANG_ENABLE_MODULES = YES;
				CLANG_ENABLE_OBJC_ARC = YES;
				CLANG_ENABLE_OBJC_WEAK = YES;
				CLANG_WARN_BLOCK_CAPTURE_AUTORELEASING = YES;
				CLANG_WARN_BOOL_CONVERSION = YES;
				CLANG_WARN_COMMA = YES;
				CLANG_WARN_CONSTANT_CONVERSION = YES;
				CLANG_WARN_DEPRECATED_OBJC_IMPLEMENTATIONS = YES;
				CLANG_WARN_DIRECT_OBJC_ISA_USAGE = YES_ERROR;
				CLANG_WARN_DOCUMENTATION_COMMENTS = YES;
				CLANG_WARN_EMPTY_BODY = YES;
				CLANG_WARN_ENUM_CONVERSION = YES;
				CLANG_WARN_INFINITE_RECURSION = YES;
				CLANG_WARN_INT_CONVERSION = YES;
				CLANG_WARN_NON_LITERAL_NULL_CONVERSION = YES;
				CLANG_WARN_OBJC_IMPLICIT_RETAIN_SELF = YES;
				CLANG_WARN_OBJC_LITERAL_CONVERSION = YES;
				CLANG_WARN_OBJC_ROOT_CLASS = YES_ERROR;
				CLANG_WARN_RANGE_LOOP_ANALYSIS = YES;
				CLANG_WARN_STRICT_PROTOTYPES = YES;
				CLANG_WARN_SUSPICIOUS_MOVE = YES;
				CLANG_WARN_UNGUARDED_AVAILABILITY = YES_AGGRESSIVE;
				CLANG_WARN_UNREACHABLE_CODE = YES;
				CLANG_WARN__DUPLICATE_METHOD_MATCH = YES;
				COPY_PHASE_STRIP = NO;
				DEBUG_INFORMATION_FORMAT = dwarf;
				ENABLE_STRICT_OBJC_MSGSEND = YES;
				ENABLE_TESTABILITY = YES;
				GCC_C_LANGUAGE_STANDARD = gnu11;
				GCC_DYNAMIC_NO_PIC = NO;
				GCC_NO_COMMON_BLOCKS = YES;
				GCC_OPTIMIZATION_LEVEL = 0;
				GCC_PREPROCESSOR_DEFINITIONS = (
					"DEBUG=1",
					"$(inherited)",
				);
				GCC_WARN_64_TO_32_BIT_CONVERSION = YES;
				GCC_WARN_ABOUT_RETURN_TYPE = YES_ERROR;
				GCC_WARN_UNDECLARED_SELECTOR = YES;
				GCC_WARN_UNINITIALIZED_AUTOS = YES_AGGRESSIVE;
				GCC_WARN_UNUSED_FUNCTION = YES;
				GCC_WARN_UNUSED_VARIABLE = YES;
				IPHONEOS_DEPLOYMENT_TARGET = 13.5;
				MTL_ENABLE_DEBUG_INFO = INCLUDE_SOURCE;
				MTL_FAST_MATH = YES;
				ONLY_ACTIVE_ARCH = YES;
				SDKROOT = iphoneos;
				SWIFT_ACTIVE_COMPILATION_CONDITIONS = DEBUG;
				SWIFT_OPTIMIZATION_LEVEL = "-Onone";
			};
			name = Debug;
		};
		18575FCD2492DD88001D8B57 /* Release */ = {
			isa = XCBuildConfiguration;
			buildSettings = {
				ALWAYS_SEARCH_USER_PATHS = NO;
				CLANG_ANALYZER_NONNULL = YES;
				CLANG_ANALYZER_NUMBER_OBJECT_CONVERSION = YES_AGGRESSIVE;
				CLANG_CXX_LANGUAGE_STANDARD = "gnu++14";
				CLANG_CXX_LIBRARY = "libc++";
				CLANG_ENABLE_MODULES = YES;
				CLANG_ENABLE_OBJC_ARC = YES;
				CLANG_ENABLE_OBJC_WEAK = YES;
				CLANG_WARN_BLOCK_CAPTURE_AUTORELEASING = YES;
				CLANG_WARN_BOOL_CONVERSION = YES;
				CLANG_WARN_COMMA = YES;
				CLANG_WARN_CONSTANT_CONVERSION = YES;
				CLANG_WARN_DEPRECATED_OBJC_IMPLEMENTATIONS = YES;
				CLANG_WARN_DIRECT_OBJC_ISA_USAGE = YES_ERROR;
				CLANG_WARN_DOCUMENTATION_COMMENTS = YES;
				CLANG_WARN_EMPTY_BODY = YES;
				CLANG_WARN_ENUM_CONVERSION = YES;
				CLANG_WARN_INFINITE_RECURSION = YES;
				CLANG_WARN_INT_CONVERSION = YES;
				CLANG_WARN_NON_LITERAL_NULL_CONVERSION = YES;
				CLANG_WARN_OBJC_IMPLICIT_RETAIN_SELF = YES;
				CLANG_WARN_OBJC_LITERAL_CONVERSION = YES;
				CLANG_WARN_OBJC_ROOT_CLASS = YES_ERROR;
				CLANG_WARN_RANGE_LOOP_ANALYSIS = YES;
				CLANG_WARN_STRICT_PROTOTYPES = YES;
				CLANG_WARN_SUSPICIOUS_MOVE = YES;
				CLANG_WARN_UNGUARDED_AVAILABILITY = YES_AGGRESSIVE;
				CLANG_WARN_UNREACHABLE_CODE = YES;
				CLANG_WARN__DUPLICATE_METHOD_MATCH = YES;
				COPY_PHASE_STRIP = NO;
				DEBUG_INFORMATION_FORMAT = "dwarf-with-dsym";
				ENABLE_NS_ASSERTIONS = NO;
				ENABLE_STRICT_OBJC_MSGSEND = YES;
				GCC_C_LANGUAGE_STANDARD = gnu11;
				GCC_NO_COMMON_BLOCKS = YES;
				GCC_WARN_64_TO_32_BIT_CONVERSION = YES;
				GCC_WARN_ABOUT_RETURN_TYPE = YES_ERROR;
				GCC_WARN_UNDECLARED_SELECTOR = YES;
				GCC_WARN_UNINITIALIZED_AUTOS = YES_AGGRESSIVE;
				GCC_WARN_UNUSED_FUNCTION = YES;
				GCC_WARN_UNUSED_VARIABLE = YES;
				IPHONEOS_DEPLOYMENT_TARGET = 13.5;
				MTL_ENABLE_DEBUG_INFO = NO;
				MTL_FAST_MATH = YES;
				SDKROOT = iphoneos;
				SWIFT_COMPILATION_MODE = wholemodule;
				SWIFT_OPTIMIZATION_LEVEL = "-O";
				VALIDATE_PRODUCT = YES;
			};
			name = Release;
		};
		18575FCF2492DD88001D8B57 /* Debug */ = {
			isa = XCBuildConfiguration;
			baseConfigurationReference = C1B7F6A282724E0F4208F30D /* Pods-FirstApp.debug.xcconfig */;
			buildSettings = {
				ASSETCATALOG_COMPILER_APPICON_NAME = AppIcon;
				CODE_SIGN_STYLE = Automatic;
				DEVELOPMENT_ASSET_PATHS = "\"FirstApp/Preview Content\"";
				ENABLE_PREVIEWS = YES;
				INFOPLIST_FILE = FirstApp/Info.plist;
				LD_RUNPATH_SEARCH_PATHS = (
					"$(inherited)",
					"@executable_path/Frameworks",
				);
				PRODUCT_BUNDLE_IDENTIFIER = james.FirstApp;
				PRODUCT_NAME = "$(TARGET_NAME)";
				SWIFT_VERSION = 5.0;
				TARGETED_DEVICE_FAMILY = "1,2";
			};
			name = Debug;
		};
		18575FD02492DD88001D8B57 /* Release */ = {
			isa = XCBuildConfiguration;
			baseConfigurationReference = 254E7B9DCBA034087F0C46E6 /* Pods-FirstApp.release.xcconfig */;
			buildSettings = {
				ASSETCATALOG_COMPILER_APPICON_NAME = AppIcon;
				CODE_SIGN_STYLE = Automatic;
				DEVELOPMENT_ASSET_PATHS = "\"FirstApp/Preview Content\"";
				ENABLE_PREVIEWS = YES;
				INFOPLIST_FILE = FirstApp/Info.plist;
				LD_RUNPATH_SEARCH_PATHS = (
					"$(inherited)",
					"@executable_path/Frameworks",
				);
				PRODUCT_BUNDLE_IDENTIFIER = james.FirstApp;
				PRODUCT_NAME = "$(TARGET_NAME)";
				SWIFT_VERSION = 5.0;
				TARGETED_DEVICE_FAMILY = "1,2";
			};
			name = Release;
		};
		18575FD22492DD88001D8B57 /* Debug */ = {
			isa = XCBuildConfiguration;
			buildSettings = {
				ALWAYS_EMBED_SWIFT_STANDARD_LIBRARIES = YES;
				BUNDLE_LOADER = "$(TEST_HOST)";
				CODE_SIGN_STYLE = Automatic;
				INFOPLIST_FILE = FirstAppTests/Info.plist;
				IPHONEOS_DEPLOYMENT_TARGET = 13.5;
				LD_RUNPATH_SEARCH_PATHS = (
					"$(inherited)",
					"@executable_path/Frameworks",
					"@loader_path/Frameworks",
				);
				PRODUCT_BUNDLE_IDENTIFIER = james.FirstAppTests;
				PRODUCT_NAME = "$(TARGET_NAME)";
				SWIFT_VERSION = 5.0;
				TARGETED_DEVICE_FAMILY = "1,2";
				TEST_HOST = "$(BUILT_PRODUCTS_DIR)/FirstApp.app/FirstApp";
			};
			name = Debug;
		};
		18575FD32492DD88001D8B57 /* Release */ = {
			isa = XCBuildConfiguration;
			buildSettings = {
				ALWAYS_EMBED_SWIFT_STANDARD_LIBRARIES = YES;
				BUNDLE_LOADER = "$(TEST_HOST)";
				CODE_SIGN_STYLE = Automatic;
				INFOPLIST_FILE = FirstAppTests/Info.plist;
				IPHONEOS_DEPLOYMENT_TARGET = 13.5;
				LD_RUNPATH_SEARCH_PATHS = (
					"$(inherited)",
					"@executable_path/Frameworks",
					"@loader_path/Frameworks",
				);
				PRODUCT_BUNDLE_IDENTIFIER = james.FirstAppTests;
				PRODUCT_NAME = "$(TARGET_NAME)";
				SWIFT_VERSION = 5.0;
				TARGETED_DEVICE_FAMILY = "1,2";
				TEST_HOST = "$(BUILT_PRODUCTS_DIR)/FirstApp.app/FirstApp";
			};
			name = Release;
		};
		18575FD52492DD88001D8B57 /* Debug */ = {
			isa = XCBuildConfiguration;
			buildSettings = {
				ALWAYS_EMBED_SWIFT_STANDARD_LIBRARIES = YES;
				CODE_SIGN_STYLE = Automatic;
				INFOPLIST_FILE = FirstAppUITests/Info.plist;
				LD_RUNPATH_SEARCH_PATHS = (
					"$(inherited)",
					"@executable_path/Frameworks",
					"@loader_path/Frameworks",
				);
				PRODUCT_BUNDLE_IDENTIFIER = james.FirstAppUITests;
				PRODUCT_NAME = "$(TARGET_NAME)";
				SWIFT_VERSION = 5.0;
				TARGETED_DEVICE_FAMILY = "1,2";
				TEST_TARGET_NAME = FirstApp;
			};
			name = Debug;
		};
		18575FD62492DD88001D8B57 /* Release */ = {
			isa = XCBuildConfiguration;
			buildSettings = {
				ALWAYS_EMBED_SWIFT_STANDARD_LIBRARIES = YES;
				CODE_SIGN_STYLE = Automatic;
				INFOPLIST_FILE = FirstAppUITests/Info.plist;
				LD_RUNPATH_SEARCH_PATHS = (
					"$(inherited)",
					"@executable_path/Frameworks",
					"@loader_path/Frameworks",
				);
				PRODUCT_BUNDLE_IDENTIFIER = james.FirstAppUITests;
				PRODUCT_NAME = "$(TARGET_NAME)";
				SWIFT_VERSION = 5.0;
				TARGETED_DEVICE_FAMILY = "1,2";
				TEST_TARGET_NAME = FirstApp;
			};
			name = Release;
		};
/* End XCBuildConfiguration section */

/* Begin XCConfigurationList section */
		18575F9F2492DD86001D8B57 /* Build configuration list for PBXProject "FirstApp" */ = {
			isa = XCConfigurationList;
			buildConfigurations = (
				18575FCC2492DD88001D8B57 /* Debug */,
				18575FCD2492DD88001D8B57 /* Release */,
			);
			defaultConfigurationIsVisible = 0;
			defaultConfigurationName = Release;
		};
		18575FCE2492DD88001D8B57 /* Build configuration list for PBXNativeTarget "FirstApp" */ = {
			isa = XCConfigurationList;
			buildConfigurations = (
				18575FCF2492DD88001D8B57 /* Debug */,
				18575FD02492DD88001D8B57 /* Release */,
			);
			defaultConfigurationIsVisible = 0;
			defaultConfigurationName = Release;
		};
		18575FD12492DD88001D8B57 /* Build configuration list for PBXNativeTarget "FirstAppTests" */ = {
			isa = XCConfigurationList;
			buildConfigurations = (
				18575FD22492DD88001D8B57 /* Debug */,
				18575FD32492DD88001D8B57 /* Release */,
			);
			defaultConfigurationIsVisible = 0;
			defaultConfigurationName = Release;
		};
		18575FD42492DD88001D8B57 /* Build configuration list for PBXNativeTarget "FirstAppUITests" */ = {
			isa = XCConfigurationList;
			buildConfigurations = (
				18575FD52492DD88001D8B57 /* Debug */,
				18575FD62492DD88001D8B57 /* Release */,
			);
			defaultConfigurationIsVisible = 0;
			defaultConfigurationName = Release;
		};
/* End XCConfigurationList section */
	};
	rootObject = 18575F9C2492DD86001D8B57 /* Project object */;
}
